
Microsoft Visual Studio Solution File, Format Version 12.00
# Visual Studio Version 17
VisualStudioVersion = 17.3.32929.385
MinimumVisualStudioVersion = 10.0.40219.1
Project("{FAE04EC0-301F-11D3-BF4B-00C04F79EFBC}") = "Dec062022", "Dec062022.csproj", "{64330930-FF2E-4F82-999C-5B057375874E}"
EndProject
Global
	GlobalSection(SolutionConfigurationPlatforms) = preSolution
		Debug|Any CPU = Debug|Any CPU
		Release|Any CPU = Release|Any CPU
	EndGlobalSection
	GlobalSection(ProjectConfigurationPlatforms) = postSolution
		{64330930-FF2E-4F82-999C-5B057375874E}.Debug|Any CPU.ActiveCfg = Debug|Any CPU
		{64330930-FF2E-4F82-999C-5B057375874E}.Debug|Any CPU.Build.0 = Debug|Any CPU
		{64330930-FF2E-4F82-999C-5B057375874E}.Release|Any CPU.ActiveCfg = Release|Any CPU
		{64330930-FF2E-4F82-999C-5B057375874E}.Release|Any CPU.Build.0 = Release|Any CPU
	EndGlobalSection
	GlobalSection(SolutionProperties) = preSolution
		HideSolutionNode = FALSE
	EndGlobalSection
	GlobalSection(ExtensibilityGlobals) = postSolution
		SolutionGuid = {E5BE354E-A3CA-4894-A3AE-1BD89F248B13}
	EndGlobalSection
EndGlobal
